// !$*UTF8*$!
{
	archiveVersion = 1;
	classes = {
	};
	objectVersion = 51;
	objects = {

/* Begin PBXBuildFile section */
		0BB24C14FDF373E4DB6796F9 /* Pods_Todoey.framework in Frameworks */ = {isa = PBXBuildFile; fileRef = BC12DC19F53FF53558ABC0BB /* Pods_Todoey.framework */; };
		442D166D22EDA1C0007CE4AC /* AppDelegate.swift in Sources */ = {isa = PBXBuildFile; fileRef = 442D166C22EDA1C0007CE4AC /* AppDelegate.swift */; };
		442D166F22EDA1C0007CE4AC /* TodoListViewController.swift in Sources */ = {isa = PBXBuildFile; fileRef = 442D166E22EDA1C0007CE4AC /* TodoListViewController.swift */; };
		442D167222EDA1C0007CE4AC /* Main.storyboard in Resources */ = {isa = PBXBuildFile; fileRef = 442D167022EDA1C0007CE4AC /* Main.storyboard */; };
		442D167422EDA1C2007CE4AC /* Assets.xcassets in Resources */ = {isa = PBXBuildFile; fileRef = 442D167322EDA1C2007CE4AC /* Assets.xcassets */; };
		442D167722EDA1C2007CE4AC /* LaunchScreen.storyboard in Resources */ = {isa = PBXBuildFile; fileRef = 442D167522EDA1C2007CE4AC /* LaunchScreen.storyboard */; };
		44F19061230954E7000D0D6C /* Item.swift in Sources */ = {isa = PBXBuildFile; fileRef = 44F19060230954E7000D0D6C /* Item.swift */; };
		44F19063230954F9000D0D6C /* Category.swift in Sources */ = {isa = PBXBuildFile; fileRef = 44F19062230954F9000D0D6C /* Category.swift */; };
		44FA0105230692F0000897B4 /* CategoryViewController.swift in Sources */ = {isa = PBXBuildFile; fileRef = 44FA0104230692F0000897B4 /* CategoryViewController.swift */; };
/* End PBXBuildFile section */

/* Begin PBXFileReference section */
		442D166922EDA1C0007CE4AC /* Todoey.app */ = {isa = PBXFileReference; explicitFileType = wrapper.application; includeInIndex = 0; path = Todoey.app; sourceTree = BUILT_PRODUCTS_DIR; };
		442D166C22EDA1C0007CE4AC /* AppDelegate.swift */ = {isa = PBXFileReference; lastKnownFileType = sourcecode.swift; path = AppDelegate.swift; sourceTree = "<group>"; };
		442D166E22EDA1C0007CE4AC /* TodoListViewController.swift */ = {isa = PBXFileReference; lastKnownFileType = sourcecode.swift; path = TodoListViewController.swift; sourceTree = "<group>"; };
		442D167122EDA1C0007CE4AC /* Base */ = {isa = PBXFileReference; lastKnownFileType = file.storyboard; name = Base; path = Base.lproj/Main.storyboard; sourceTree = "<group>"; };
		442D167322EDA1C2007CE4AC /* Assets.xcassets */ = {isa = PBXFileReference; lastKnownFileType = folder.assetcatalog; path = Assets.xcassets; sourceTree = "<group>"; };
		442D167622EDA1C2007CE4AC /* Base */ = {isa = PBXFileReference; lastKnownFileType = file.storyboard; name = Base; path = Base.lproj/LaunchScreen.storyboard; sourceTree = "<group>"; };
		442D167822EDA1C2007CE4AC /* Info.plist */ = {isa = PBXFileReference; lastKnownFileType = text.plist.xml; path = Info.plist; sourceTree = "<group>"; };
		44F19060230954E7000D0D6C /* Item.swift */ = {isa = PBXFileReference; lastKnownFileType = sourcecode.swift; path = Item.swift; sourceTree = "<group>"; };
		44F19062230954F9000D0D6C /* Category.swift */ = {isa = PBXFileReference; lastKnownFileType = sourcecode.swift; path = Category.swift; sourceTree = "<group>"; };
		44FA0104230692F0000897B4 /* CategoryViewController.swift */ = {isa = PBXFileReference; lastKnownFileType = sourcecode.swift; path = CategoryViewController.swift; sourceTree = "<group>"; };
		45F3608FFAAF8FC1B5C828C0 /* Pods-Todoey.release.xcconfig */ = {isa = PBXFileReference; includeInIndex = 1; lastKnownFileType = text.xcconfig; name = "Pods-Todoey.release.xcconfig"; path = "Target Support Files/Pods-Todoey/Pods-Todoey.release.xcconfig"; sourceTree = "<group>"; };
		73F830EF8A8631156F750516 /* Pods-Todoey.debug.xcconfig */ = {isa = PBXFileReference; includeInIndex = 1; lastKnownFileType = text.xcconfig; name = "Pods-Todoey.debug.xcconfig"; path = "Target Support Files/Pods-Todoey/Pods-Todoey.debug.xcconfig"; sourceTree = "<group>"; };
		BC12DC19F53FF53558ABC0BB /* Pods_Todoey.framework */ = {isa = PBXFileReference; explicitFileType = wrapper.framework; includeInIndex = 0; path = Pods_Todoey.framework; sourceTree = BUILT_PRODUCTS_DIR; };
/* End PBXFileReference section */

/* Begin PBXFrameworksBuildPhase section */
		442D166622EDA1C0007CE4AC /* Frameworks */ = {
			isa = PBXFrameworksBuildPhase;
			buildActionMask = 2147483647;
			files = (
				0BB24C14FDF373E4DB6796F9 /* Pods_Todoey.framework in Frameworks */,
			);
			runOnlyForDeploymentPostprocessing = 0;
		};
/* End PBXFrameworksBuildPhase section */

/* Begin PBXGroup section */
		442D166022EDA1C0007CE4AC = {
			isa = PBXGroup;
			children = (
				442D166B22EDA1C0007CE4AC /* Todoey */,
				442D166A22EDA1C0007CE4AC /* Products */,
				F47DA129D1535731DBFA7607 /* Pods */,
				C1539B069D86DE7609585F45 /* Frameworks */,
			);
			sourceTree = "<group>";
		};
		442D166A22EDA1C0007CE4AC /* Products */ = {
			isa = PBXGroup;
			children = (
				442D166922EDA1C0007CE4AC /* Todoey.app */,
			);
			name = Products;
			sourceTree = "<group>";
		};
		442D166B22EDA1C0007CE4AC /* Todoey */ = {
			isa = PBXGroup;
			children = (
				442D166C22EDA1C0007CE4AC /* AppDelegate.swift */,
				44682EA722FBEB9100D86EF4 /* Controllers */,
				44682EA422FBEB4300D86EF4 /* Data Model */,
				44682EA522FBEB7200D86EF4 /* Views */,
				44682EA622FBEB8400D86EF4 /* Supporting Files */,
				442D167822EDA1C2007CE4AC /* Info.plist */,
			);
			path = Todoey;
			sourceTree = "<group>";
		};
		44682EA422FBEB4300D86EF4 /* Data Model */ = {
			isa = PBXGroup;
			children = (
				44F19062230954F9000D0D6C /* Category.swift */,
				44F19060230954E7000D0D6C /* Item.swift */,
			);
			path = "Data Model";
			sourceTree = "<group>";
		};
		44682EA522FBEB7200D86EF4 /* Views */ = {
			isa = PBXGroup;
			children = (
				442D167022EDA1C0007CE4AC /* Main.storyboard */,
			);
			path = Views;
			sourceTree = "<group>";
		};
		44682EA622FBEB8400D86EF4 /* Supporting Files */ = {
			isa = PBXGroup;
			children = (
				442D167322EDA1C2007CE4AC /* Assets.xcassets */,
				442D167522EDA1C2007CE4AC /* LaunchScreen.storyboard */,
			);
			path = "Supporting Files";
			sourceTree = "<group>";
		};
		44682EA722FBEB9100D86EF4 /* Controllers */ = {
			isa = PBXGroup;
			children = (
				44FA0104230692F0000897B4 /* CategoryViewController.swift */,
				442D166E22EDA1C0007CE4AC /* TodoListViewController.swift */,
			);
			path = Controllers;
			sourceTree = "<group>";
		};
		C1539B069D86DE7609585F45 /* Frameworks */ = {
			isa = PBXGroup;
			children = (
				BC12DC19F53FF53558ABC0BB /* Pods_Todoey.framework */,
			);
			name = Frameworks;
			sourceTree = "<group>";
		};
		F47DA129D1535731DBFA7607 /* Pods */ = {
			isa = PBXGroup;
			children = (
				73F830EF8A8631156F750516 /* Pods-Todoey.debug.xcconfig */,
				45F3608FFAAF8FC1B5C828C0 /* Pods-Todoey.release.xcconfig */,
			);
			path = Pods;
			sourceTree = "<group>";
		};
/* End PBXGroup section */

/* Begin PBXNativeTarget section */
		442D166822EDA1C0007CE4AC /* Todoey */ = {
			isa = PBXNativeTarget;
			buildConfigurationList = 442D167B22EDA1C2007CE4AC /* Build configuration list for PBXNativeTarget "Todoey" */;
			buildPhases = (
				518653FEA9F94DA2DF8D0F8F /* [CP] Check Pods Manifest.lock */,
				442D166522EDA1C0007CE4AC /* Sources */,
				442D166622EDA1C0007CE4AC /* Frameworks */,
				442D166722EDA1C0007CE4AC /* Resources */,
				958B3B34CD11F67518136D3C /* [CP] Embed Pods Frameworks */,
			);
			buildRules = (
			);
			dependencies = (
			);
			name = Todoey;
			productName = Todoey;
			productReference = 442D166922EDA1C0007CE4AC /* Todoey.app */;
			productType = "com.apple.product-type.application";
		};
/* End PBXNativeTarget section */

/* Begin PBXProject section */
		442D166122EDA1C0007CE4AC /* Project object */ = {
			isa = PBXProject;
			attributes = {
				LastSwiftUpdateCheck = 1030;
				LastUpgradeCheck = 1030;
				ORGANIZATIONNAME = "Balaji Anandan";
				TargetAttributes = {
					442D166822EDA1C0007CE4AC = {
						CreatedOnToolsVersion = 10.3;
					};
				};
			};
			buildConfigurationList = 442D166422EDA1C0007CE4AC /* Build configuration list for PBXProject "Todoey" */;
			compatibilityVersion = "Xcode 9.3";
			developmentRegion = en;
			hasScannedForEncodings = 0;
			knownRegions = (
				en,
				Base,
			);
			mainGroup = 442D166022EDA1C0007CE4AC;
			productRefGroup = 442D166A22EDA1C0007CE4AC /* Products */;
			projectDirPath = "";
			projectRoot = "";
			targets = (
				442D166822EDA1C0007CE4AC /* Todoey */,
			);
		};
/* End PBXProject section */

/* Begin PBXResourcesBuildPhase section */
		442D166722EDA1C0007CE4AC /* Resources */ = {
			isa = PBXResourcesBuildPhase;
			buildActionMask = 2147483647;
			files = (
				442D167722EDA1C2007CE4AC /* LaunchScreen.storyboard in Resources */,
				442D167422EDA1C2007CE4AC /* Assets.xcassets in Resources */,
				442D167222EDA1C0007CE4AC /* Main.storyboard in Resources */,
			);
			runOnlyForDeploymentPostprocessing = 0;
		};
/* End PBXResourcesBuildPhase section */

/* Begin PBXShellScriptBuildPhase section */
		518653FEA9F94DA2DF8D0F8F /* [CP] Check Pods Manifest.lock */ = {
			isa = PBXShellScriptBuildPhase;
			buildActionMask = 2147483647;
			files = (
			);
			inputFileListPaths = (
			);
			inputPaths = (
				"${PODS_PODFILE_DIR_PATH}/Podfile.lock",
				"${PODS_ROOT}/Manifest.lock",
			);
			name = "[CP] Check Pods Manifest.lock";
			outputFileListPaths = (
			);
			outputPaths = (
				"$(DERIVED_FILE_DIR)/Pods-Todoey-checkManifestLockResult.txt",
			);
			runOnlyForDeploymentPostprocessing = 0;
			shellPath = /bin/sh;
			shellScript = "diff \"${PODS_PODFILE_DIR_PATH}/Podfile.lock\" \"${PODS_ROOT}/Manifest.lock\" > /dev/null\nif [ $? != 0 ] ; then\n    # print error to STDERR\n    echo \"error: The sandbox is not in sync with the Podfile.lock. Run 'pod install' or update your CocoaPods installation.\" >&2\n    exit 1\nfi\n# This output is used by Xcode 'outputs' to avoid re-running this script phase.\necho \"SUCCESS\" > \"${SCRIPT_OUTPUT_FILE_0}\"\n";
			showEnvVarsInLog = 0;
		};
		958B3B34CD11F67518136D3C /* [CP] Embed Pods Frameworks */ = {
			isa = PBXShellScriptBuildPhase;
			buildActionMask = 2147483647;
			files = (
			);
			inputFileListPaths = (
				"${PODS_ROOT}/Target Support Files/Pods-Todoey/Pods-Todoey-frameworks-${CONFIGURATION}-input-files.xcfilelist",
			);
			name = "[CP] Embed Pods Frameworks";
			outputFileListPaths = (
				"${PODS_ROOT}/Target Support Files/Pods-Todoey/Pods-Todoey-frameworks-${CONFIGURATION}-output-files.xcfilelist",
			);
			runOnlyForDeploymentPostprocessing = 0;
			shellPath = /bin/sh;
			shellScript = "\"${PODS_ROOT}/Target Support Files/Pods-Todoey/Pods-Todoey-frameworks.sh\"\n";
			showEnvVarsInLog = 0;
		};
/* End PBXShellScriptBuildPhase section */

/* Begin PBXSourcesBuildPhase section */
		442D166522EDA1C0007CE4AC /* Sources */ = {
			isa = PBXSourcesBuildPhase;
			buildActionMask = 2147483647;
			files = (
				44F19061230954E7000D0D6C /* Item.swift in Sources */,
				44FA0105230692F0000897B4 /* CategoryViewController.swift in Sources */,
				442D166F22EDA1C0007CE4AC /* TodoListViewController.swift in Sources */,
				442D166D22EDA1C0007CE4AC /* AppDelegate.swift in Sources */,
				44F19063230954F9000D0D6C /* Category.swift in Sources */,
			);
			runOnlyForDeploymentPostprocessing = 0;
		};
/* End PBXSourcesBuildPhase section */

/* Begin PBXVariantGroup section */
		442D167022EDA1C0007CE4AC /* Main.storyboard */ = {
			isa = PBXVariantGroup;
			children = (
				442D167122EDA1C0007CE4AC /* Base */,
			);
			name = Main.storyboard;
			sourceTree = "<group>";
		};
		442D167522EDA1C2007CE4AC /* LaunchScreen.storyboard */ = {
			isa = PBXVariantGroup;
			children = (
				442D167622EDA1C2007CE4AC /* Base */,
			);
			name = LaunchScreen.storyboard;
			sourceTree = "<group>";
		};
/* End PBXVariantGroup section */

/* Begin XCBuildConfiguration section */
		442D167922EDA1C2007CE4AC /* Debug */ = {
			isa = XCBuildConfiguration;
			buildSettings = {
				ALWAYS_SEARCH_USER_PATHS = NO;
				CLANG_ANALYZER_NONNULL = YES;
				CLANG_ANALYZER_NUMBER_OBJECT_CONVERSION = YES_AGGRESSIVE;
				CLANG_CXX_LANGUAGE_STANDARD = "gnu++14";
				CLANG_CXX_LIBRARY = "libc++";
				CLANG_ENABLE_MODULES = YES;
				CLANG_ENABLE_OBJC_ARC = YES;
				CLANG_ENABLE_OBJC_WEAK = YES;
				CLANG_WARN_BLOCK_CAPTURE_AUTORELEASING = YES;
				CLANG_WARN_BOOL_CONVERSION = YES;
				CLANG_WARN_COMMA = YES;
				CLANG_WARN_CONSTANT_CONVERSION = YES;
				CLANG_WARN_DEPRECATED_OBJC_IMPLEMENTATIONS = YES;
				CLANG_WARN_DIRECT_OBJC_ISA_USAGE = YES_ERROR;
				CLANG_WARN_DOCUMENTATION_COMMENTS = YES;
				CLANG_WARN_EMPTY_BODY = YES;
				CLANG_WARN_ENUM_CONVERSION = YES;
				CLANG_WARN_INFINITE_RECURSION = YES;
				CLANG_WARN_INT_CONVERSION = YES;
				CLANG_WARN_NON_LITERAL_NULL_CONVERSION = YES;
				CLANG_WARN_OBJC_IMPLICIT_RETAIN_SELF = YES;
				CLANG_WARN_OBJC_LITERAL_CONVERSION = YES;
				CLANG_WARN_OBJC_ROOT_CLASS = YES_ERROR;
				CLANG_WARN_RANGE_LOOP_ANALYSIS = YES;
				CLANG_WARN_STRICT_PROTOTYPES = YES;
				CLANG_WARN_SUSPICIOUS_MOVE = YES;
				CLANG_WARN_UNGUARDED_AVAILABILITY = YES_AGGRESSIVE;
				CLANG_WARN_UNREACHABLE_CODE = YES;
				CLANG_WARN__DUPLICATE_METHOD_MATCH = YES;
				CODE_SIGN_IDENTITY = "iPhone Developer";
				COPY_PHASE_STRIP = NO;
				DEBUG_INFORMATION_FORMAT = dwarf;
				ENABLE_STRICT_OBJC_MSGSEND = YES;
				ENABLE_TESTABILITY = YES;
				GCC_C_LANGUAGE_STANDARD = gnu11;
				GCC_DYNAMIC_NO_PIC = NO;
				GCC_NO_COMMON_BLOCKS = YES;
				GCC_OPTIMIZATION_LEVEL = 0;
				GCC_PREPROCESSOR_DEFINITIONS = (
					"DEBUG=1",
					"$(inherited)",
				);
				GCC_WARN_64_TO_32_BIT_CONVERSION = YES;
				GCC_WARN_ABOUT_RETURN_TYPE = YES_ERROR;
				GCC_WARN_UNDECLARED_SELECTOR = YES;
				GCC_WARN_UNINITIALIZED_AUTOS = YES_AGGRESSIVE;
				GCC_WARN_UNUSED_FUNCTION = YES;
				GCC_WARN_UNUSED_VARIABLE = YES;
				IPHONEOS_DEPLOYMENT_TARGET = 12.4;
				MTL_ENABLE_DEBUG_INFO = INCLUDE_SOURCE;
				MTL_FAST_MATH = YES;
				ONLY_ACTIVE_ARCH = YES;
				SDKROOT = iphoneos;
				SWIFT_ACTIVE_COMPILATION_CONDITIONS = DEBUG;
				SWIFT_OPTIMIZATION_LEVEL = "-Onone";
			};
			name = Debug;
		};
		442D167A22EDA1C2007CE4AC /* Release */ = {
			isa = XCBuildConfiguration;
			buildSettings = {
				ALWAYS_SEARCH_USER_PATHS = NO;
				CLANG_ANALYZER_NONNULL = YES;
				CLANG_ANALYZER_NUMBER_OBJECT_CONVERSION = YES_AGGRESSIVE;
				CLANG_CXX_LANGUAGE_STANDARD = "gnu++14";
				CLANG_CXX_LIBRARY = "libc++";
				CLANG_ENABLE_MODULES = YES;
				CLANG_ENABLE_OBJC_ARC = YES;
				CLANG_ENABLE_OBJC_WEAK = YES;
				CLANG_WARN_BLOCK_CAPTURE_AUTORELEASING = YES;
				CLANG_WARN_BOOL_CONVERSION = YES;
				CLANG_WARN_COMMA = YES;
				CLANG_WARN_CONSTANT_CONVERSION = YES;
				CLANG_WARN_DEPRECATED_OBJC_IMPLEMENTATIONS = YES;
				CLANG_WARN_DIRECT_OBJC_ISA_USAGE = YES_ERROR;
				CLANG_WARN_DOCUMENTATION_COMMENTS = YES;
				CLANG_WARN_EMPTY_BODY = YES;
				CLANG_WARN_ENUM_CONVERSION = YES;
				CLANG_WARN_INFINITE_RECURSION = YES;
				CLANG_WARN_INT_CONVERSION = YES;
				CLANG_WARN_NON_LITERAL_NULL_CONVERSION = YES;
				CLANG_WARN_OBJC_IMPLICIT_RETAIN_SELF = YES;
				CLANG_WARN_OBJC_LITERAL_CONVERSION = YES;
				CLANG_WARN_OBJC_ROOT_CLASS = YES_ERROR;
				CLANG_WARN_RANGE_LOOP_ANALYSIS = YES;
				CLANG_WARN_STRICT_PROTOTYPES = YES;
				CLANG_WARN_SUSPICIOUS_MOVE = YES;
				CLANG_WARN_UNGUARDED_AVAILABILITY = YES_AGGRESSIVE;
				CLANG_WARN_UNREACHABLE_CODE = YES;
				CLANG_WARN__DUPLICATE_METHOD_MATCH = YES;
				CODE_SIGN_IDENTITY = "iPhone Developer";
				COPY_PHASE_STRIP = NO;
				DEBUG_INFORMATION_FORMAT = "dwarf-with-dsym";
				ENABLE_NS_ASSERTIONS = NO;
				ENABLE_STRICT_OBJC_MSGSEND = YES;
				GCC_C_LANGUAGE_STANDARD = gnu11;
				GCC_NO_COMMON_BLOCKS = YES;
				GCC_WARN_64_TO_32_BIT_CONVERSION = YES;
				GCC_WARN_ABOUT_RETURN_TYPE = YES_ERROR;
				GCC_WARN_UNDECLARED_SELECTOR = YES;
				GCC_WARN_UNINITIALIZED_AUTOS = YES_AGGRESSIVE;
				GCC_WARN_UNUSED_FUNCTION = YES;
				GCC_WARN_UNUSED_VARIABLE = YES;
				IPHONEOS_DEPLOYMENT_TARGET = 12.4;
				MTL_ENABLE_DEBUG_INFO = NO;
				MTL_FAST_MATH = YES;
				SDKROOT = iphoneos;
				SWIFT_COMPILATION_MODE = wholemodule;
				SWIFT_OPTIMIZATION_LEVEL = "-O";
				VALIDATE_PRODUCT = YES;
			};
			name = Release;
		};
		442D167C22EDA1C2007CE4AC /* Debug */ = {
			isa = XCBuildConfiguration;
			baseConfigurationReference = 73F830EF8A8631156F750516 /* Pods-Todoey.debug.xcconfig */;
			buildSettings = {
				ASSETCATALOG_COMPILER_APPICON_NAME = AppIcon;
				CODE_SIGN_STYLE = Automatic;
				INFOPLIST_FILE = Todoey/Info.plist;
				LD_RUNPATH_SEARCH_PATHS = (
					"$(inherited)",
					"@executable_path/Frameworks",
				);
				PRODUCT_BUNDLE_IDENTIFIER = "com.thebittenapple.blogspot.co.in-.Todoey";
				PRODUCT_NAME = "$(TARGET_NAME)";
				SWIFT_VERSION = 5.0;
				TARGETED_DEVICE_FAMILY = "1,2";
			};
			name = Debug;
		};
		442D167D22EDA1C2007CE4AC /* Release */ = {
			isa = XCBuildConfiguration;
			baseConfigurationReference = 45F3608FFAAF8FC1B5C828C0 /* Pods-Todoey.release.xcconfig */;
			buildSettings = {
				ASSETCATALOG_COMPILER_APPICON_NAME = AppIcon;
				CODE_SIGN_STYLE = Automatic;
				INFOPLIST_FILE = Todoey/Info.plist;
				LD_RUNPATH_SEARCH_PATHS = (
					"$(inherited)",
					"@executable_path/Frameworks",
				);
				PRODUCT_BUNDLE_IDENTIFIER = "com.thebittenapple.blogspot.co.in-.Todoey";
				PRODUCT_NAME = "$(TARGET_NAME)";
				SWIFT_VERSION = 5.0;
				TARGETED_DEVICE_FAMILY = "1,2";
			};
			name = Release;
		};
/* End XCBuildConfiguration section */

/* Begin XCConfigurationList section */
		442D166422EDA1C0007CE4AC /* Build configuration list for PBXProject "Todoey" */ = {
			isa = XCConfigurationList;
			buildConfigurations = (
				442D167922EDA1C2007CE4AC /* Debug */,
				442D167A22EDA1C2007CE4AC /* Release */,
			);
			defaultConfigurationIsVisible = 0;
			defaultConfigurationName = Release;
		};
		442D167B22EDA1C2007CE4AC /* Build configuration list for PBXNativeTarget "Todoey" */ = {
			isa = XCConfigurationList;
			buildConfigurations = (
				442D167C22EDA1C2007CE4AC /* Debug */,
				442D167D22EDA1C2007CE4AC /* Release */,
			);
			defaultConfigurationIsVisible = 0;
			defaultConfigurationName = Release;
		};
/* End XCConfigurationList section */
	};
	rootObject = 442D166122EDA1C0007CE4AC /* Project object */;
}
